{
    "_readme": [
        "This file locks the dependencies of your project to a known state",
        "Read more about it at http://getcomposer.org/doc/01-basic-usage.md#composer-lock-the-lock-file"
    ],
    "hash": "356c4c08f9952ec09925dcc6451804eb",
    "packages": [
        {
            "name": "php-loep/php-loep.github.com",
            "version": "dev-project-website-theme",
            "source": {
                "type": "git",
                "url": "https://github.com/php-loep/php-loep.github.com.git",
                "reference": "72a32bac443f2fcc24bab88fc30fe48d8ddf3cb8"
            },
            "dist": {
                "type": "zip",
                "url": "https://api.github.com/repos/php-loep/php-loep.github.com/zipball/72a32bac443f2fcc24bab88fc30fe48d8ddf3cb8",
                "reference": "72a32bac443f2fcc24bab88fc30fe48d8ddf3cb8",
                "shasum": ""
            },
            "type": "sculpin-theme",
            "description": "A Sculpin based theme for the proejct websites of The League of Extraordinary Packages.",
            "support": {
                "source": "https://github.com/php-loep/php-loep.github.com/tree/project-website-theme",
                "issues": "https://github.com/php-loep/php-loep.github.com/issues"
            },
            "time": "2014-01-20 01:58:52"
        }
    ],
    "packages-dev": [

    ],
    "aliases": [

    ],
    "minimum-stability": "stable",
    "stability-flags": {
        "php-loep/php-loep.github.com": 20
    },
    "platform": [

    ],
    "platform-dev": [

    ]
}
